
Microsoft Visual Studio Solution File, Format Version 12.00
# Visual Studio Version 16
VisualStudioVersion = 16.0.29201.188
MinimumVisualStudioVersion = 10.0.40219.1
Project("{FAE04EC0-301F-11D3-BF4B-00C04F79EFBC}") = "Y2Erp", "Y2Erp\Y2Erp.csproj", "{F6040E3B-2F4B-43D1-ADA3-977065747F54}"
EndProject
Global
	GlobalSection(SolutionConfigurationPlatforms) = preSolution
		Debug|Any CPU = Debug|Any CPU
		Release|Any CPU = Release|Any CPU
	EndGlobalSection
	GlobalSection(ProjectConfigurationPlatforms) = postSolution
		{F6040E3B-2F4B-43D1-ADA3-977065747F54}.Debug|Any CPU.ActiveCfg = Debug|Any CPU
		{F6040E3B-2F4B-43D1-ADA3-977065747F54}.Debug|Any CPU.Build.0 = Debug|Any CPU
		{F6040E3B-2F4B-43D1-ADA3-977065747F54}.Release|Any CPU.ActiveCfg = Release|Any CPU
		{F6040E3B-2F4B-43D1-ADA3-977065747F54}.Release|Any CPU.Build.0 = Release|Any CPU
	EndGlobalSection
	GlobalSection(SolutionProperties) = preSolution
		HideSolutionNode = FALSE
	EndGlobalSection
	GlobalSection(ExtensibilityGlobals) = postSolution
		SolutionGuid = {19616FD8-549D-44A6-B087-F52B7E0BD9B3}
	EndGlobalSection
EndGlobal
