
Microsoft Visual Studio Solution File, Format Version 12.00
# Visual Studio Version 16
VisualStudioVersion = 16.0.29201.188
MinimumVisualStudioVersion = 10.0.40219.1
Project("{2150E333-8FDC-42A3-9474-1A3956D46DE8}") = "DAL", "DAL", "{51AD8D8C-0553-48C8-BEFD-B05FF97F3DB9}"
EndProject
Project("{2150E333-8FDC-42A3-9474-1A3956D46DE8}") = "BLL", "BLL", "{41804150-01E0-4AD8-9BCE-C876D64A15C0}"
EndProject
Project("{2150E333-8FDC-42A3-9474-1A3956D46DE8}") = "Models", "Models", "{62D30C1C-2C16-4B97-9DCB-9417F3E74645}"
EndProject
Project("{FAE04EC0-301F-11D3-BF4B-00C04F79EFBC}") = "IBLL", "IBLL\IBLL.csproj", "{1664FA3E-59E5-4032-96A1-23E50CAC578A}"
	ProjectSection(ProjectDependencies) = postProject
		{F6DA2F70-24E6-451F-8255-804F8B03B79C} = {F6DA2F70-24E6-451F-8255-804F8B03B79C}
	EndProjectSection
EndProject
Project("{FAE04EC0-301F-11D3-BF4B-00C04F79EFBC}") = "BLL", "BLL\BLL.csproj", "{24CF5B8C-EDE6-4903-BCEE-7B532D446799}"
EndProject
Project("{FAE04EC0-301F-11D3-BF4B-00C04F79EFBC}") = "IDAL", "IDAL\IDAL.csproj", "{F6DA2F70-24E6-451F-8255-804F8B03B79C}"
EndProject
Project("{FAE04EC0-301F-11D3-BF4B-00C04F79EFBC}") = "DAL", "DAL\DAL.csproj", "{06FA5299-426F-4D1E-8CC8-464EB1B87E8A}"
	ProjectSection(ProjectDependencies) = postProject
		{F6DA2F70-24E6-451F-8255-804F8B03B79C} = {F6DA2F70-24E6-451F-8255-804F8B03B79C}
	EndProjectSection
EndProject
Project("{2150E333-8FDC-42A3-9474-1A3956D46DE8}") = "UI", "UI", "{5AF6D8F2-57B6-4EA6-9B4C-A7AECB90369E}"
EndProject
Project("{FAE04EC0-301F-11D3-BF4B-00C04F79EFBC}") = "Erp", "Erp\Erp.csproj", "{5A610E4A-40C6-4DC7-A3BA-13F18AAEA1DA}"
EndProject
Project("{FAE04EC0-301F-11D3-BF4B-00C04F79EFBC}") = "MysqlModel", "MysqlModel\MysqlModel.csproj", "{AFDD7B3B-DF46-4773-AD17-CC1A6928C37D}"
EndProject
Global
	GlobalSection(SolutionConfigurationPlatforms) = preSolution
		Debug|Any CPU = Debug|Any CPU
		Release|Any CPU = Release|Any CPU
	EndGlobalSection
	GlobalSection(ProjectConfigurationPlatforms) = postSolution
		{1664FA3E-59E5-4032-96A1-23E50CAC578A}.Debug|Any CPU.ActiveCfg = Debug|Any CPU
		{1664FA3E-59E5-4032-96A1-23E50CAC578A}.Debug|Any CPU.Build.0 = Debug|Any CPU
		{1664FA3E-59E5-4032-96A1-23E50CAC578A}.Release|Any CPU.ActiveCfg = Release|Any CPU
		{1664FA3E-59E5-4032-96A1-23E50CAC578A}.Release|Any CPU.Build.0 = Release|Any CPU
		{24CF5B8C-EDE6-4903-BCEE-7B532D446799}.Debug|Any CPU.ActiveCfg = Debug|Any CPU
		{24CF5B8C-EDE6-4903-BCEE-7B532D446799}.Debug|Any CPU.Build.0 = Debug|Any CPU
		{24CF5B8C-EDE6-4903-BCEE-7B532D446799}.Release|Any CPU.ActiveCfg = Release|Any CPU
		{24CF5B8C-EDE6-4903-BCEE-7B532D446799}.Release|Any CPU.Build.0 = Release|Any CPU
		{F6DA2F70-24E6-451F-8255-804F8B03B79C}.Debug|Any CPU.ActiveCfg = Debug|Any CPU
		{F6DA2F70-24E6-451F-8255-804F8B03B79C}.Debug|Any CPU.Build.0 = Debug|Any CPU
		{F6DA2F70-24E6-451F-8255-804F8B03B79C}.Release|Any CPU.ActiveCfg = Release|Any CPU
		{F6DA2F70-24E6-451F-8255-804F8B03B79C}.Release|Any CPU.Build.0 = Release|Any CPU
		{06FA5299-426F-4D1E-8CC8-464EB1B87E8A}.Debug|Any CPU.ActiveCfg = Debug|Any CPU
		{06FA5299-426F-4D1E-8CC8-464EB1B87E8A}.Debug|Any CPU.Build.0 = Debug|Any CPU
		{06FA5299-426F-4D1E-8CC8-464EB1B87E8A}.Release|Any CPU.ActiveCfg = Release|Any CPU
		{06FA5299-426F-4D1E-8CC8-464EB1B87E8A}.Release|Any CPU.Build.0 = Release|Any CPU
		{5A610E4A-40C6-4DC7-A3BA-13F18AAEA1DA}.Debug|Any CPU.ActiveCfg = Debug|Any CPU
		{5A610E4A-40C6-4DC7-A3BA-13F18AAEA1DA}.Debug|Any CPU.Build.0 = Debug|Any CPU
		{5A610E4A-40C6-4DC7-A3BA-13F18AAEA1DA}.Release|Any CPU.ActiveCfg = Release|Any CPU
		{5A610E4A-40C6-4DC7-A3BA-13F18AAEA1DA}.Release|Any CPU.Build.0 = Release|Any CPU
		{AFDD7B3B-DF46-4773-AD17-CC1A6928C37D}.Debug|Any CPU.ActiveCfg = Debug|Any CPU
		{AFDD7B3B-DF46-4773-AD17-CC1A6928C37D}.Debug|Any CPU.Build.0 = Debug|Any CPU
		{AFDD7B3B-DF46-4773-AD17-CC1A6928C37D}.Release|Any CPU.ActiveCfg = Release|Any CPU
		{AFDD7B3B-DF46-4773-AD17-CC1A6928C37D}.Release|Any CPU.Build.0 = Release|Any CPU
	EndGlobalSection
	GlobalSection(SolutionProperties) = preSolution
		HideSolutionNode = FALSE
	EndGlobalSection
	GlobalSection(NestedProjects) = preSolution
		{1664FA3E-59E5-4032-96A1-23E50CAC578A} = {41804150-01E0-4AD8-9BCE-C876D64A15C0}
		{24CF5B8C-EDE6-4903-BCEE-7B532D446799} = {41804150-01E0-4AD8-9BCE-C876D64A15C0}
		{F6DA2F70-24E6-451F-8255-804F8B03B79C} = {51AD8D8C-0553-48C8-BEFD-B05FF97F3DB9}
		{06FA5299-426F-4D1E-8CC8-464EB1B87E8A} = {51AD8D8C-0553-48C8-BEFD-B05FF97F3DB9}
		{5A610E4A-40C6-4DC7-A3BA-13F18AAEA1DA} = {5AF6D8F2-57B6-4EA6-9B4C-A7AECB90369E}
		{AFDD7B3B-DF46-4773-AD17-CC1A6928C37D} = {62D30C1C-2C16-4B97-9DCB-9417F3E74645}
	EndGlobalSection
	GlobalSection(ExtensibilityGlobals) = postSolution
		SolutionGuid = {19616FD8-549D-44A6-B087-F52B7E0BD9B3}
	EndGlobalSection
EndGlobal
